// !$*UTF8*$!
{
	archiveVersion = 1;
	classes = {
	};
	objectVersion = 46;
	objects = {

/* Begin PBXBuildFile section */
		0DB3F3351672CC55006EB4CE /* UIKit.framework in Frameworks */ = {isa = PBXBuildFile; fileRef = 0DB3F3341672CC55006EB4CE /* UIKit.framework */; };
		0DB3F3371672CC55006EB4CE /* Foundation.framework in Frameworks */ = {isa = PBXBuildFile; fileRef = 0DB3F3361672CC55006EB4CE /* Foundation.framework */; };
		0DB3F3391672CC55006EB4CE /* CoreGraphics.framework in Frameworks */ = {isa = PBXBuildFile; fileRef = 0DB3F3381672CC55006EB4CE /* CoreGraphics.framework */; };
		0DB3F33F1672CC55006EB4CE /* InfoPlist.strings in Resources */ = {isa = PBXBuildFile; fileRef = 0DB3F33D1672CC55006EB4CE /* InfoPlist.strings */; };
		0DB3F3411672CC55006EB4CE /* main.m in Sources */ = {isa = PBXBuildFile; fileRef = 0DB3F3401672CC55006EB4CE /* main.m */; };
		0DB3F3451672CC55006EB4CE /* AppDelegate.m in Sources */ = {isa = PBXBuildFile; fileRef = 0DB3F3441672CC55006EB4CE /* AppDelegate.m */; };
		0DB3F3471672CC55006EB4CE /* Default.png in Resources */ = {isa = PBXBuildFile; fileRef = 0DB3F3461672CC55006EB4CE /* Default.png */; };
		0DB3F3491672CC55006EB4CE /* Default@2x.png in Resources */ = {isa = PBXBuildFile; fileRef = 0DB3F3481672CC55006EB4CE /* Default@2x.png */; };
		0DB3F34B1672CC55006EB4CE /* Default-568h@2x.png in Resources */ = {isa = PBXBuildFile; fileRef = 0DB3F34A1672CC55006EB4CE /* Default-568h@2x.png */; };
		0DB3F34E1672CC55006EB4CE /* ViewController.m in Sources */ = {isa = PBXBuildFile; fileRef = 0DB3F34D1672CC55006EB4CE /* ViewController.m */; };
		0DB3F3511672CC55006EB4CE /* ViewController.xib in Resources */ = {isa = PBXBuildFile; fileRef = 0DB3F34F1672CC55006EB4CE /* ViewController.xib */; };
		0DB3F35D1672CD10006EB4CE /* TimeLine.m in Sources */ = {isa = PBXBuildFile; fileRef = 0DB3F35C1672CD10006EB4CE /* TimeLine.m */; };
/* End PBXBuildFile section */

/* Begin PBXFileReference section */
		0DB3F3301672CC55006EB4CE /* enterframe-trial.app */ = {isa = PBXFileReference; explicitFileType = wrapper.application; includeInIndex = 0; path = "enterframe-trial.app"; sourceTree = BUILT_PRODUCTS_DIR; };
		0DB3F3341672CC55006EB4CE /* UIKit.framework */ = {isa = PBXFileReference; lastKnownFileType = wrapper.framework; name = UIKit.framework; path = System/Library/Frameworks/UIKit.framework; sourceTree = SDKROOT; };
		0DB3F3361672CC55006EB4CE /* Foundation.framework */ = {isa = PBXFileReference; lastKnownFileType = wrapper.framework; name = Foundation.framework; path = System/Library/Frameworks/Foundation.framework; sourceTree = SDKROOT; };
		0DB3F3381672CC55006EB4CE /* CoreGraphics.framework */ = {isa = PBXFileReference; lastKnownFileType = wrapper.framework; name = CoreGraphics.framework; path = System/Library/Frameworks/CoreGraphics.framework; sourceTree = SDKROOT; };
		0DB3F33C1672CC55006EB4CE /* enterframe-trial-Info.plist */ = {isa = PBXFileReference; lastKnownFileType = text.plist.xml; path = "enterframe-trial-Info.plist"; sourceTree = "<group>"; };
		0DB3F33E1672CC55006EB4CE /* en */ = {isa = PBXFileReference; lastKnownFileType = text.plist.strings; name = en; path = en.lproj/InfoPlist.strings; sourceTree = "<group>"; };
		0DB3F3401672CC55006EB4CE /* main.m */ = {isa = PBXFileReference; lastKnownFileType = sourcecode.c.objc; path = main.m; sourceTree = "<group>"; };
		0DB3F3421672CC55006EB4CE /* enterframe-trial-Prefix.pch */ = {isa = PBXFileReference; lastKnownFileType = sourcecode.c.h; path = "enterframe-trial-Prefix.pch"; sourceTree = "<group>"; };
		0DB3F3431672CC55006EB4CE /* AppDelegate.h */ = {isa = PBXFileReference; lastKnownFileType = sourcecode.c.h; path = AppDelegate.h; sourceTree = "<group>"; };
		0DB3F3441672CC55006EB4CE /* AppDelegate.m */ = {isa = PBXFileReference; lastKnownFileType = sourcecode.c.objc; path = AppDelegate.m; sourceTree = "<group>"; };
		0DB3F3461672CC55006EB4CE /* Default.png */ = {isa = PBXFileReference; lastKnownFileType = image.png; path = Default.png; sourceTree = "<group>"; };
		0DB3F3481672CC55006EB4CE /* Default@2x.png */ = {isa = PBXFileReference; lastKnownFileType = image.png; path = "Default@2x.png"; sourceTree = "<group>"; };
		0DB3F34A1672CC55006EB4CE /* Default-568h@2x.png */ = {isa = PBXFileReference; lastKnownFileType = image.png; path = "Default-568h@2x.png"; sourceTree = "<group>"; };
		0DB3F34C1672CC55006EB4CE /* ViewController.h */ = {isa = PBXFileReference; lastKnownFileType = sourcecode.c.h; path = ViewController.h; sourceTree = "<group>"; };
		0DB3F34D1672CC55006EB4CE /* ViewController.m */ = {isa = PBXFileReference; lastKnownFileType = sourcecode.c.objc; path = ViewController.m; sourceTree = "<group>"; };
		0DB3F3501672CC55006EB4CE /* en */ = {isa = PBXFileReference; lastKnownFileType = file.xib; name = en; path = en.lproj/ViewController.xib; sourceTree = "<group>"; };
		0DB3F35B1672CD10006EB4CE /* TimeLine.h */ = {isa = PBXFileReference; fileEncoding = 4; lastKnownFileType = sourcecode.c.h; path = TimeLine.h; sourceTree = "<group>"; };
		0DB3F35C1672CD10006EB4CE /* TimeLine.m */ = {isa = PBXFileReference; fileEncoding = 4; lastKnownFileType = sourcecode.c.objc; path = TimeLine.m; sourceTree = "<group>"; };
/* End PBXFileReference section */

/* Begin PBXFrameworksBuildPhase section */
		0DB3F32D1672CC55006EB4CE /* Frameworks */ = {
			isa = PBXFrameworksBuildPhase;
			buildActionMask = 2147483647;
			files = (
				0DB3F3351672CC55006EB4CE /* UIKit.framework in Frameworks */,
				0DB3F3371672CC55006EB4CE /* Foundation.framework in Frameworks */,
				0DB3F3391672CC55006EB4CE /* CoreGraphics.framework in Frameworks */,
			);
			runOnlyForDeploymentPostprocessing = 0;
		};
/* End PBXFrameworksBuildPhase section */

/* Begin PBXGroup section */
		0DB3F3251672CC55006EB4CE = {
			isa = PBXGroup;
			children = (
				0DB3F33A1672CC55006EB4CE /* enterframe-trial */,
				0DB3F3331672CC55006EB4CE /* Frameworks */,
				0DB3F3311672CC55006EB4CE /* Products */,
			);
			sourceTree = "<group>";
		};
		0DB3F3311672CC55006EB4CE /* Products */ = {
			isa = PBXGroup;
			children = (
				0DB3F3301672CC55006EB4CE /* enterframe-trial.app */,
			);
			name = Products;
			sourceTree = "<group>";
		};
		0DB3F3331672CC55006EB4CE /* Frameworks */ = {
			isa = PBXGroup;
			children = (
				0DB3F3341672CC55006EB4CE /* UIKit.framework */,
				0DB3F3361672CC55006EB4CE /* Foundation.framework */,
				0DB3F3381672CC55006EB4CE /* CoreGraphics.framework */,
			);
			name = Frameworks;
			sourceTree = "<group>";
		};
		0DB3F33A1672CC55006EB4CE /* enterframe-trial */ = {
			isa = PBXGroup;
			children = (
				0DB3F35B1672CD10006EB4CE /* TimeLine.h */,
				0DB3F35C1672CD10006EB4CE /* TimeLine.m */,
				0DB3F3431672CC55006EB4CE /* AppDelegate.h */,
				0DB3F3441672CC55006EB4CE /* AppDelegate.m */,
				0DB3F34C1672CC55006EB4CE /* ViewController.h */,
				0DB3F34D1672CC55006EB4CE /* ViewController.m */,
				0DB3F34F1672CC55006EB4CE /* ViewController.xib */,
				0DB3F33B1672CC55006EB4CE /* Supporting Files */,
			);
			path = "enterframe-trial";
			sourceTree = "<group>";
		};
		0DB3F33B1672CC55006EB4CE /* Supporting Files */ = {
			isa = PBXGroup;
			children = (
				0DB3F33C1672CC55006EB4CE /* enterframe-trial-Info.plist */,
				0DB3F33D1672CC55006EB4CE /* InfoPlist.strings */,
				0DB3F3401672CC55006EB4CE /* main.m */,
				0DB3F3421672CC55006EB4CE /* enterframe-trial-Prefix.pch */,
				0DB3F3461672CC55006EB4CE /* Default.png */,
				0DB3F3481672CC55006EB4CE /* Default@2x.png */,
				0DB3F34A1672CC55006EB4CE /* Default-568h@2x.png */,
			);
			name = "Supporting Files";
			sourceTree = "<group>";
		};
/* End PBXGroup section */

/* Begin PBXNativeTarget section */
		0DB3F32F1672CC55006EB4CE /* enterframe-trial */ = {
			isa = PBXNativeTarget;
			buildConfigurationList = 0DB3F3541672CC55006EB4CE /* Build configuration list for PBXNativeTarget "enterframe-trial" */;
			buildPhases = (
				0DB3F32C1672CC55006EB4CE /* Sources */,
				0DB3F32D1672CC55006EB4CE /* Frameworks */,
				0DB3F32E1672CC55006EB4CE /* Resources */,
			);
			buildRules = (
			);
			dependencies = (
			);
			name = "enterframe-trial";
			productName = "enterframe-trial";
			productReference = 0DB3F3301672CC55006EB4CE /* enterframe-trial.app */;
			productType = "com.apple.product-type.application";
		};
/* End PBXNativeTarget section */

/* Begin PBXProject section */
		0DB3F3271672CC55006EB4CE /* Project object */ = {
			isa = PBXProject;
			attributes = {
				LastUpgradeCheck = 0450;
				ORGANIZATIONNAME = FukuiReTu;
			};
			buildConfigurationList = 0DB3F32A1672CC55006EB4CE /* Build configuration list for PBXProject "enterframe-trial" */;
			compatibilityVersion = "Xcode 3.2";
			developmentRegion = English;
			hasScannedForEncodings = 0;
			knownRegions = (
				en,
			);
			mainGroup = 0DB3F3251672CC55006EB4CE;
			productRefGroup = 0DB3F3311672CC55006EB4CE /* Products */;
			projectDirPath = "";
			projectRoot = "";
			targets = (
				0DB3F32F1672CC55006EB4CE /* enterframe-trial */,
			);
		};
/* End PBXProject section */

/* Begin PBXResourcesBuildPhase section */
		0DB3F32E1672CC55006EB4CE /* Resources */ = {
			isa = PBXResourcesBuildPhase;
			buildActionMask = 2147483647;
			files = (
				0DB3F33F1672CC55006EB4CE /* InfoPlist.strings in Resources */,
				0DB3F3471672CC55006EB4CE /* Default.png in Resources */,
				0DB3F3491672CC55006EB4CE /* Default@2x.png in Resources */,
				0DB3F34B1672CC55006EB4CE /* Default-568h@2x.png in Resources */,
				0DB3F3511672CC55006EB4CE /* ViewController.xib in Resources */,
			);
			runOnlyForDeploymentPostprocessing = 0;
		};
/* End PBXResourcesBuildPhase section */

/* Begin PBXSourcesBuildPhase section */
		0DB3F32C1672CC55006EB4CE /* Sources */ = {
			isa = PBXSourcesBuildPhase;
			buildActionMask = 2147483647;
			files = (
				0DB3F3411672CC55006EB4CE /* main.m in Sources */,
				0DB3F3451672CC55006EB4CE /* AppDelegate.m in Sources */,
				0DB3F34E1672CC55006EB4CE /* ViewController.m in Sources */,
				0DB3F35D1672CD10006EB4CE /* TimeLine.m in Sources */,
			);
			runOnlyForDeploymentPostprocessing = 0;
		};
/* End PBXSourcesBuildPhase section */

/* Begin PBXVariantGroup section */
		0DB3F33D1672CC55006EB4CE /* InfoPlist.strings */ = {
			isa = PBXVariantGroup;
			children = (
				0DB3F33E1672CC55006EB4CE /* en */,
			);
			name = InfoPlist.strings;
			sourceTree = "<group>";
		};
		0DB3F34F1672CC55006EB4CE /* ViewController.xib */ = {
			isa = PBXVariantGroup;
			children = (
				0DB3F3501672CC55006EB4CE /* en */,
			);
			name = ViewController.xib;
			sourceTree = "<group>";
		};
/* End PBXVariantGroup section */

/* Begin XCBuildConfiguration section */
		0DB3F3521672CC55006EB4CE /* Debug */ = {
			isa = XCBuildConfiguration;
			buildSettings = {
				ALWAYS_SEARCH_USER_PATHS = NO;
				CLANG_CXX_LANGUAGE_STANDARD = "gnu++0x";
				CLANG_CXX_LIBRARY = "libc++";
				CLANG_WARN_EMPTY_BODY = YES;
				CLANG_WARN__DUPLICATE_METHOD_MATCH = YES;
				"CODE_SIGN_IDENTITY[sdk=iphoneos*]" = "iPhone Developer";
				COPY_PHASE_STRIP = NO;
				GCC_C_LANGUAGE_STANDARD = gnu99;
				GCC_DYNAMIC_NO_PIC = NO;
				GCC_OPTIMIZATION_LEVEL = 0;
				GCC_PREPROCESSOR_DEFINITIONS = (
					"DEBUG=1",
					"$(inherited)",
				);
				GCC_SYMBOLS_PRIVATE_EXTERN = NO;
				GCC_WARN_ABOUT_RETURN_TYPE = YES;
				GCC_WARN_UNINITIALIZED_AUTOS = YES;
				GCC_WARN_UNUSED_VARIABLE = YES;
				IPHONEOS_DEPLOYMENT_TARGET = 6.0;
				ONLY_ACTIVE_ARCH = YES;
				SDKROOT = iphoneos;
			};
			name = Debug;
		};
		0DB3F3531672CC55006EB4CE /* Release */ = {
			isa = XCBuildConfiguration;
			buildSettings = {
				ALWAYS_SEARCH_USER_PATHS = NO;
				CLANG_CXX_LANGUAGE_STANDARD = "gnu++0x";
				CLANG_CXX_LIBRARY = "libc++";
				CLANG_WARN_EMPTY_BODY = YES;
				CLANG_WARN__DUPLICATE_METHOD_MATCH = YES;
				"CODE_SIGN_IDENTITY[sdk=iphoneos*]" = "iPhone Developer";
				COPY_PHASE_STRIP = YES;
				GCC_C_LANGUAGE_STANDARD = gnu99;
				GCC_WARN_ABOUT_RETURN_TYPE = YES;
				GCC_WARN_UNINITIALIZED_AUTOS = YES;
				GCC_WARN_UNUSED_VARIABLE = YES;
				IPHONEOS_DEPLOYMENT_TARGET = 6.0;
				OTHER_CFLAGS = "-DNS_BLOCK_ASSERTIONS=1";
				SDKROOT = iphoneos;
				VALIDATE_PRODUCT = YES;
			};
			name = Release;
		};
		0DB3F3551672CC55006EB4CE /* Debug */ = {
			isa = XCBuildConfiguration;
			buildSettings = {
				GCC_PRECOMPILE_PREFIX_HEADER = YES;
				GCC_PREFIX_HEADER = "enterframe-trial/enterframe-trial-Prefix.pch";
				INFOPLIST_FILE = "enterframe-trial/enterframe-trial-Info.plist";
				PRODUCT_NAME = "$(TARGET_NAME)";
				WRAPPER_EXTENSION = app;
			};
			name = Debug;
		};
		0DB3F3561672CC55006EB4CE /* Release */ = {
			isa = XCBuildConfiguration;
			buildSettings = {
				GCC_PRECOMPILE_PREFIX_HEADER = YES;
				GCC_PREFIX_HEADER = "enterframe-trial/enterframe-trial-Prefix.pch";
				INFOPLIST_FILE = "enterframe-trial/enterframe-trial-Info.plist";
				PRODUCT_NAME = "$(TARGET_NAME)";
				WRAPPER_EXTENSION = app;
			};
			name = Release;
		};
/* End XCBuildConfiguration section */

/* Begin XCConfigurationList section */
		0DB3F32A1672CC55006EB4CE /* Build configuration list for PBXProject "enterframe-trial" */ = {
			isa = XCConfigurationList;
			buildConfigurations = (
				0DB3F3521672CC55006EB4CE /* Debug */,
				0DB3F3531672CC55006EB4CE /* Release */,
			);
			defaultConfigurationIsVisible = 0;
			defaultConfigurationName = Release;
		};
		0DB3F3541672CC55006EB4CE /* Build configuration list for PBXNativeTarget "enterframe-trial" */ = {
			isa = XCConfigurationList;
			buildConfigurations = (
				0DB3F3551672CC55006EB4CE /* Debug */,
				0DB3F3561672CC55006EB4CE /* Release */,
			);
			defaultConfigurationIsVisible = 0;
		};
/* End XCConfigurationList section */
	};
	rootObject = 0DB3F3271672CC55006EB4CE /* Project object */;
}
